
Microsoft Visual Studio Solution File, Format Version 12.00
# Visual Studio Version 17
VisualStudioVersion = 17.7.34031.279
MinimumVisualStudioVersion = 10.0.40219.1
Project("{FAE04EC0-301F-11D3-BF4B-00C04F79EFBC}") = "IDC inventory", "IDC inventory.csproj", "{7CC21F27-0F39-49B1-981D-3540A9C76268}"
EndProject
Global
	GlobalSection(SolutionConfigurationPlatforms) = preSolution
		Debug|Any CPU = Debug|Any CPU
		Release|Any CPU = Release|Any CPU
	EndGlobalSection
	GlobalSection(ProjectConfigurationPlatforms) = postSolution
		{7CC21F27-0F39-49B1-981D-3540A9C76268}.Debug|Any CPU.ActiveCfg = Debug|Any CPU
		{7CC21F27-0F39-49B1-981D-3540A9C76268}.Debug|Any CPU.Build.0 = Debug|Any CPU
		{7CC21F27-0F39-49B1-981D-3540A9C76268}.Release|Any CPU.ActiveCfg = Release|Any CPU
		{7CC21F27-0F39-49B1-981D-3540A9C76268}.Release|Any CPU.Build.0 = Release|Any CPU
	EndGlobalSection
	GlobalSection(SolutionProperties) = preSolution
		HideSolutionNode = FALSE
	EndGlobalSection
	GlobalSection(ExtensibilityGlobals) = postSolution
		SolutionGuid = {2D27CE81-55B3-4CA8-9BD7-2BC541008999}
	EndGlobalSection
EndGlobal
